
Microsoft Visual Studio Solution File, Format Version 12.00
# Visual Studio Version 17
VisualStudioVersion = 17.8.34511.84
MinimumVisualStudioVersion = 10.0.40219.1
Project("{9A19103F-16F7-4668-BE54-9A1E7A4F7556}") = "TechnicalTask", "TechnicalTask\TechnicalTask.csproj", "{CD2E9744-3A7D-416C-BB2A-D39D2671926C}"
EndProject
Project("{2150E333-8FDC-42A3-9474-1A3956D46DE8}") = "Data", "Data", "{718D3BD4-5AD4-4B02-85D0-F231819F6632}"
	ProjectSection(SolutionItems) = preProject
		data.json = data.json
	EndProjectSection
EndProject
Project("{FAE04EC0-301F-11D3-BF4B-00C04F79EFBC}") = "ConfigurationFileReader", "ConfigurationFileReader\ConfigurationFileReader.csproj", "{114A30C4-5FDC-4967-AB83-B5BC0A26D160}"
EndProject
Project("{FAE04EC0-301F-11D3-BF4B-00C04F79EFBC}") = "DbService", "DbService\DbService.csproj", "{7A211DD6-58A3-4F81-A30E-190762B91E53}"
EndProject
Project("{FAE04EC0-301F-11D3-BF4B-00C04F79EFBC}") = "DataAccessLayer", "DataAccessLayer\DataAccessLayer.csproj", "{A3CD4E8A-C675-49EA-ADA3-3E7892A3F120}"
EndProject
Global
	GlobalSection(SolutionConfigurationPlatforms) = preSolution
		Debug|Any CPU = Debug|Any CPU
		Release|Any CPU = Release|Any CPU
	EndGlobalSection
	GlobalSection(ProjectConfigurationPlatforms) = postSolution
		{CD2E9744-3A7D-416C-BB2A-D39D2671926C}.Debug|Any CPU.ActiveCfg = Debug|Any CPU
		{CD2E9744-3A7D-416C-BB2A-D39D2671926C}.Debug|Any CPU.Build.0 = Debug|Any CPU
		{CD2E9744-3A7D-416C-BB2A-D39D2671926C}.Release|Any CPU.ActiveCfg = Release|Any CPU
		{CD2E9744-3A7D-416C-BB2A-D39D2671926C}.Release|Any CPU.Build.0 = Release|Any CPU
		{114A30C4-5FDC-4967-AB83-B5BC0A26D160}.Debug|Any CPU.ActiveCfg = Debug|Any CPU
		{114A30C4-5FDC-4967-AB83-B5BC0A26D160}.Debug|Any CPU.Build.0 = Debug|Any CPU
		{114A30C4-5FDC-4967-AB83-B5BC0A26D160}.Release|Any CPU.ActiveCfg = Release|Any CPU
		{114A30C4-5FDC-4967-AB83-B5BC0A26D160}.Release|Any CPU.Build.0 = Release|Any CPU
		{7A211DD6-58A3-4F81-A30E-190762B91E53}.Debug|Any CPU.ActiveCfg = Debug|Any CPU
		{7A211DD6-58A3-4F81-A30E-190762B91E53}.Debug|Any CPU.Build.0 = Debug|Any CPU
		{7A211DD6-58A3-4F81-A30E-190762B91E53}.Release|Any CPU.ActiveCfg = Release|Any CPU
		{7A211DD6-58A3-4F81-A30E-190762B91E53}.Release|Any CPU.Build.0 = Release|Any CPU
		{A3CD4E8A-C675-49EA-ADA3-3E7892A3F120}.Debug|Any CPU.ActiveCfg = Debug|Any CPU
		{A3CD4E8A-C675-49EA-ADA3-3E7892A3F120}.Debug|Any CPU.Build.0 = Debug|Any CPU
		{A3CD4E8A-C675-49EA-ADA3-3E7892A3F120}.Release|Any CPU.ActiveCfg = Release|Any CPU
		{A3CD4E8A-C675-49EA-ADA3-3E7892A3F120}.Release|Any CPU.Build.0 = Release|Any CPU
	EndGlobalSection
	GlobalSection(SolutionProperties) = preSolution
		HideSolutionNode = FALSE
	EndGlobalSection
	GlobalSection(ExtensibilityGlobals) = postSolution
		SolutionGuid = {DBA36AE6-5FB1-4ACA-82B3-0EA21A28347A}
	EndGlobalSection
EndGlobal
